
Microsoft Visual Studio Solution File, Format Version 12.00
# Visual Studio 2013
VisualStudioVersion = 12.0.40629.0
MinimumVisualStudioVersion = 10.0.40219.1
Project("{FAE04EC0-301F-11D3-BF4B-00C04F79EFBC}") = "SlotMachinesSim2013", "SlotMachinesSim2013\SlotMachinesSim2013.csproj", "{AE69EE8C-80CA-476D-9E80-4D953E7D75CE}"
EndProject
Project("{F088123C-0E9E-452A-89E6-6BA2F21D5CAC}") = "SlotMachineSimUML", "SlotMachineSimUML\SlotMachineSimUML.modelproj", "{4CD3688F-7795-4005-8C8C-C48573B5DC40}"
EndProject
Project("{FAE04EC0-301F-11D3-BF4B-00C04F79EFBC}") = "SlotMachineSim2013Test", "SlotMachineSim2013Test\SlotMachineSim2013Test.csproj", "{E856192D-5F20-44C9-A220-1A541F382E28}"
EndProject
Global
	GlobalSection(SolutionConfigurationPlatforms) = preSolution
		Debug|Any CPU = Debug|Any CPU
		Release|Any CPU = Release|Any CPU
	EndGlobalSection
	GlobalSection(ProjectConfigurationPlatforms) = postSolution
		{AE69EE8C-80CA-476D-9E80-4D953E7D75CE}.Debug|Any CPU.ActiveCfg = Debug|Any CPU
		{AE69EE8C-80CA-476D-9E80-4D953E7D75CE}.Debug|Any CPU.Build.0 = Debug|Any CPU
		{AE69EE8C-80CA-476D-9E80-4D953E7D75CE}.Release|Any CPU.ActiveCfg = Release|Any CPU
		{AE69EE8C-80CA-476D-9E80-4D953E7D75CE}.Release|Any CPU.Build.0 = Release|Any CPU
		{4CD3688F-7795-4005-8C8C-C48573B5DC40}.Debug|Any CPU.ActiveCfg = Debug|Any CPU
		{4CD3688F-7795-4005-8C8C-C48573B5DC40}.Debug|Any CPU.Build.0 = Debug|Any CPU
		{4CD3688F-7795-4005-8C8C-C48573B5DC40}.Release|Any CPU.ActiveCfg = Release|Any CPU
		{4CD3688F-7795-4005-8C8C-C48573B5DC40}.Release|Any CPU.Build.0 = Release|Any CPU
		{E856192D-5F20-44C9-A220-1A541F382E28}.Debug|Any CPU.ActiveCfg = Debug|Any CPU
		{E856192D-5F20-44C9-A220-1A541F382E28}.Debug|Any CPU.Build.0 = Debug|Any CPU
		{E856192D-5F20-44C9-A220-1A541F382E28}.Release|Any CPU.ActiveCfg = Release|Any CPU
		{E856192D-5F20-44C9-A220-1A541F382E28}.Release|Any CPU.Build.0 = Release|Any CPU
	EndGlobalSection
	GlobalSection(SolutionProperties) = preSolution
		HideSolutionNode = FALSE
	EndGlobalSection
EndGlobal
